
Microsoft Visual Studio Solution File, Format Version 12.00
# Visual Studio 15
VisualStudioVersion = 15.0.26228.9
MinimumVisualStudioVersion = 10.0.40219.1
Project("{2150E333-8FDC-42A3-9474-1A3956D46DE8}") = "src", "src", "{BB196606-61ED-4E4C-B366-CB0F6F2C0B79}"
EndProject
Project("{FAE04EC0-301F-11D3-BF4B-00C04F79EFBC}") = "AutoShop", "src\AutoShop\AutoShop.csproj", "{023FD74A-0AAE-448B-B6A7-DFB5A2C2D501}"
EndProject
Global
	GlobalSection(SolutionConfigurationPlatforms) = preSolution
		Debug|Any CPU = Debug|Any CPU
		Debug|x64 = Debug|x64
		Debug|x86 = Debug|x86
		Release|Any CPU = Release|Any CPU
		Release|x64 = Release|x64
		Release|x86 = Release|x86
	EndGlobalSection
	GlobalSection(ProjectConfigurationPlatforms) = postSolution
		{023FD74A-0AAE-448B-B6A7-DFB5A2C2D501}.Debug|Any CPU.ActiveCfg = Debug|Any CPU
		{023FD74A-0AAE-448B-B6A7-DFB5A2C2D501}.Debug|Any CPU.Build.0 = Debug|Any CPU
		{023FD74A-0AAE-448B-B6A7-DFB5A2C2D501}.Debug|x64.ActiveCfg = Debug|Any CPU
		{023FD74A-0AAE-448B-B6A7-DFB5A2C2D501}.Debug|x64.Build.0 = Debug|Any CPU
		{023FD74A-0AAE-448B-B6A7-DFB5A2C2D501}.Debug|x86.ActiveCfg = Debug|Any CPU
		{023FD74A-0AAE-448B-B6A7-DFB5A2C2D501}.Debug|x86.Build.0 = Debug|Any CPU
		{023FD74A-0AAE-448B-B6A7-DFB5A2C2D501}.Release|Any CPU.ActiveCfg = Release|Any CPU
		{023FD74A-0AAE-448B-B6A7-DFB5A2C2D501}.Release|Any CPU.Build.0 = Release|Any CPU
		{023FD74A-0AAE-448B-B6A7-DFB5A2C2D501}.Release|x64.ActiveCfg = Release|Any CPU
		{023FD74A-0AAE-448B-B6A7-DFB5A2C2D501}.Release|x64.Build.0 = Release|Any CPU
		{023FD74A-0AAE-448B-B6A7-DFB5A2C2D501}.Release|x86.ActiveCfg = Release|Any CPU
		{023FD74A-0AAE-448B-B6A7-DFB5A2C2D501}.Release|x86.Build.0 = Release|Any CPU
	EndGlobalSection
	GlobalSection(SolutionProperties) = preSolution
		HideSolutionNode = FALSE
	EndGlobalSection
	GlobalSection(NestedProjects) = preSolution
		{023FD74A-0AAE-448B-B6A7-DFB5A2C2D501} = {BB196606-61ED-4E4C-B366-CB0F6F2C0B79}
	EndGlobalSection
EndGlobal
